
Microsoft Visual Studio Solution File, Format Version 12.00
# Visual Studio 15
Project("{FAE04EC0-301F-11D3-BF4B-00C04F79EFBC}") = "MusicMVC", "MusicMVC\MusicMVC.csproj", "{CCCB70A5-021E-454C-A2FD-474A05A6A31B}"
EndProject
Project("{FAE04EC0-301F-11D3-BF4B-00C04F79EFBC}") = "DataLibrary", "DataLibrary\DataLibrary.csproj", "{A0A93B9A-2A16-4A29-B228-D0A61CB3F98D}"
EndProject
Global
	GlobalSection(SolutionConfigurationPlatforms) = preSolution
		Debug|Any CPU = Debug|Any CPU
		Release|Any CPU = Release|Any CPU
	EndGlobalSection
	GlobalSection(ProjectConfigurationPlatforms) = postSolution
		{CCCB70A5-021E-454C-A2FD-474A05A6A31B}.Debug|Any CPU.ActiveCfg = Debug|Any CPU
		{CCCB70A5-021E-454C-A2FD-474A05A6A31B}.Debug|Any CPU.Build.0 = Debug|Any CPU
		{CCCB70A5-021E-454C-A2FD-474A05A6A31B}.Release|Any CPU.ActiveCfg = Release|Any CPU
		{CCCB70A5-021E-454C-A2FD-474A05A6A31B}.Release|Any CPU.Build.0 = Release|Any CPU
		{A0A93B9A-2A16-4A29-B228-D0A61CB3F98D}.Debug|Any CPU.ActiveCfg = Debug|Any CPU
		{A0A93B9A-2A16-4A29-B228-D0A61CB3F98D}.Debug|Any CPU.Build.0 = Debug|Any CPU
		{A0A93B9A-2A16-4A29-B228-D0A61CB3F98D}.Release|Any CPU.ActiveCfg = Release|Any CPU
		{A0A93B9A-2A16-4A29-B228-D0A61CB3F98D}.Release|Any CPU.Build.0 = Release|Any CPU
	EndGlobalSection
EndGlobal
